
Microsoft Visual Studio Solution File, Format Version 12.00
# Visual Studio Version 17
VisualStudioVersion = 17.0.31903.59
MinimumVisualStudioVersion = 10.0.40219.1
Project("{2150E333-8FDC-42A3-9474-1A3956D46DE8}") = "src", "src", "{AEC3A25C-7EC2-43CD-9F02-40B348546130}"
EndProject
Project("{FAE04EC0-301F-11D3-BF4B-00C04F79EFBC}") = "AuctionService", "src\AuctionService\AuctionService.csproj", "{483E920A-8A40-4BB1-B601-F6B07223AD02}"
EndProject
Project("{FAE04EC0-301F-11D3-BF4B-00C04F79EFBC}") = "SearchService", "src\SearchService\SearchService.csproj", "{A5F4353C-DB8C-44C9-8973-23EE175215F5}"
EndProject
Global
	GlobalSection(SolutionConfigurationPlatforms) = preSolution
		Debug|Any CPU = Debug|Any CPU
		Release|Any CPU = Release|Any CPU
	EndGlobalSection
	GlobalSection(SolutionProperties) = preSolution
		HideSolutionNode = FALSE
	EndGlobalSection
	GlobalSection(ProjectConfigurationPlatforms) = postSolution
		{483E920A-8A40-4BB1-B601-F6B07223AD02}.Debug|Any CPU.ActiveCfg = Debug|Any CPU
		{483E920A-8A40-4BB1-B601-F6B07223AD02}.Debug|Any CPU.Build.0 = Debug|Any CPU
		{483E920A-8A40-4BB1-B601-F6B07223AD02}.Release|Any CPU.ActiveCfg = Release|Any CPU
		{483E920A-8A40-4BB1-B601-F6B07223AD02}.Release|Any CPU.Build.0 = Release|Any CPU
		{A5F4353C-DB8C-44C9-8973-23EE175215F5}.Debug|Any CPU.ActiveCfg = Debug|Any CPU
		{A5F4353C-DB8C-44C9-8973-23EE175215F5}.Debug|Any CPU.Build.0 = Debug|Any CPU
		{A5F4353C-DB8C-44C9-8973-23EE175215F5}.Release|Any CPU.ActiveCfg = Release|Any CPU
		{A5F4353C-DB8C-44C9-8973-23EE175215F5}.Release|Any CPU.Build.0 = Release|Any CPU
	EndGlobalSection
	GlobalSection(NestedProjects) = preSolution
		{483E920A-8A40-4BB1-B601-F6B07223AD02} = {AEC3A25C-7EC2-43CD-9F02-40B348546130}
		{A5F4353C-DB8C-44C9-8973-23EE175215F5} = {AEC3A25C-7EC2-43CD-9F02-40B348546130}
	EndGlobalSection
EndGlobal
