
Microsoft Visual Studio Solution File, Format Version 12.00
# Visual Studio Version 17
VisualStudioVersion = 17.0.31903.59
MinimumVisualStudioVersion = 10.0.40219.1
Project("{2150E333-8FDC-42A3-9474-1A3956D46DE8}") = "src", "src", "{AEC3A25C-7EC2-43CD-9F02-40B348546130}"
EndProject
Project("{FAE04EC0-301F-11D3-BF4B-00C04F79EFBC}") = "AuctionService", "src\AuctionService\AuctionService.csproj", "{483E920A-8A40-4BB1-B601-F6B07223AD02}"
EndProject
Project("{FAE04EC0-301F-11D3-BF4B-00C04F79EFBC}") = "SearchService", "src\SearchService\SearchService.csproj", "{A5F4353C-DB8C-44C9-8973-23EE175215F5}"
EndProject
Project("{FAE04EC0-301F-11D3-BF4B-00C04F79EFBC}") = "Contracts", "src\Contracts\Contracts.csproj", "{19BC5C73-41BF-46DD-A468-7A5DC74445E6}"
EndProject
Project("{FAE04EC0-301F-11D3-BF4B-00C04F79EFBC}") = "IdentityService", "src\IdentityService\IdentityService.csproj", "{62D4B509-8762-4F2B-83FB-E9D6B5ECA0A2}"
EndProject
Project("{FAE04EC0-301F-11D3-BF4B-00C04F79EFBC}") = "GatewayService", "src\GatewayService\GatewayService.csproj", "{3D75448A-E2E9-4A5A-9E91-0F9810EDABD4}"
EndProject
Project("{FAE04EC0-301F-11D3-BF4B-00C04F79EFBC}") = "BiddingService", "src\BiddingService\BiddingService.csproj", "{1CAF44DC-BA25-4387-A3E9-1C8A6A7A7C06}"
EndProject
Global
	GlobalSection(SolutionConfigurationPlatforms) = preSolution
		Debug|Any CPU = Debug|Any CPU
		Release|Any CPU = Release|Any CPU
	EndGlobalSection
	GlobalSection(SolutionProperties) = preSolution
		HideSolutionNode = FALSE
	EndGlobalSection
	GlobalSection(ProjectConfigurationPlatforms) = postSolution
		{483E920A-8A40-4BB1-B601-F6B07223AD02}.Debug|Any CPU.ActiveCfg = Debug|Any CPU
		{483E920A-8A40-4BB1-B601-F6B07223AD02}.Debug|Any CPU.Build.0 = Debug|Any CPU
		{483E920A-8A40-4BB1-B601-F6B07223AD02}.Release|Any CPU.ActiveCfg = Release|Any CPU
		{483E920A-8A40-4BB1-B601-F6B07223AD02}.Release|Any CPU.Build.0 = Release|Any CPU
		{A5F4353C-DB8C-44C9-8973-23EE175215F5}.Debug|Any CPU.ActiveCfg = Debug|Any CPU
		{A5F4353C-DB8C-44C9-8973-23EE175215F5}.Debug|Any CPU.Build.0 = Debug|Any CPU
		{A5F4353C-DB8C-44C9-8973-23EE175215F5}.Release|Any CPU.ActiveCfg = Release|Any CPU
		{A5F4353C-DB8C-44C9-8973-23EE175215F5}.Release|Any CPU.Build.0 = Release|Any CPU
		{19BC5C73-41BF-46DD-A468-7A5DC74445E6}.Debug|Any CPU.ActiveCfg = Debug|Any CPU
		{19BC5C73-41BF-46DD-A468-7A5DC74445E6}.Debug|Any CPU.Build.0 = Debug|Any CPU
		{19BC5C73-41BF-46DD-A468-7A5DC74445E6}.Release|Any CPU.ActiveCfg = Release|Any CPU
		{19BC5C73-41BF-46DD-A468-7A5DC74445E6}.Release|Any CPU.Build.0 = Release|Any CPU
		{62D4B509-8762-4F2B-83FB-E9D6B5ECA0A2}.Debug|Any CPU.ActiveCfg = Debug|Any CPU
		{62D4B509-8762-4F2B-83FB-E9D6B5ECA0A2}.Debug|Any CPU.Build.0 = Debug|Any CPU
		{62D4B509-8762-4F2B-83FB-E9D6B5ECA0A2}.Release|Any CPU.ActiveCfg = Release|Any CPU
		{62D4B509-8762-4F2B-83FB-E9D6B5ECA0A2}.Release|Any CPU.Build.0 = Release|Any CPU
		{3D75448A-E2E9-4A5A-9E91-0F9810EDABD4}.Debug|Any CPU.ActiveCfg = Debug|Any CPU
		{3D75448A-E2E9-4A5A-9E91-0F9810EDABD4}.Debug|Any CPU.Build.0 = Debug|Any CPU
		{3D75448A-E2E9-4A5A-9E91-0F9810EDABD4}.Release|Any CPU.ActiveCfg = Release|Any CPU
		{3D75448A-E2E9-4A5A-9E91-0F9810EDABD4}.Release|Any CPU.Build.0 = Release|Any CPU
		{1CAF44DC-BA25-4387-A3E9-1C8A6A7A7C06}.Debug|Any CPU.ActiveCfg = Debug|Any CPU
		{1CAF44DC-BA25-4387-A3E9-1C8A6A7A7C06}.Debug|Any CPU.Build.0 = Debug|Any CPU
		{1CAF44DC-BA25-4387-A3E9-1C8A6A7A7C06}.Release|Any CPU.ActiveCfg = Release|Any CPU
		{1CAF44DC-BA25-4387-A3E9-1C8A6A7A7C06}.Release|Any CPU.Build.0 = Release|Any CPU
	EndGlobalSection
	GlobalSection(NestedProjects) = preSolution
		{483E920A-8A40-4BB1-B601-F6B07223AD02} = {AEC3A25C-7EC2-43CD-9F02-40B348546130}
		{A5F4353C-DB8C-44C9-8973-23EE175215F5} = {AEC3A25C-7EC2-43CD-9F02-40B348546130}
		{19BC5C73-41BF-46DD-A468-7A5DC74445E6} = {AEC3A25C-7EC2-43CD-9F02-40B348546130}
		{62D4B509-8762-4F2B-83FB-E9D6B5ECA0A2} = {AEC3A25C-7EC2-43CD-9F02-40B348546130}
		{3D75448A-E2E9-4A5A-9E91-0F9810EDABD4} = {AEC3A25C-7EC2-43CD-9F02-40B348546130}
		{1CAF44DC-BA25-4387-A3E9-1C8A6A7A7C06} = {AEC3A25C-7EC2-43CD-9F02-40B348546130}
	EndGlobalSection
EndGlobal
